// !$*UTF8*$!
{
	archiveVersion = 1;
	classes = {
	};
	objectVersion = 50;
	objects = {

/* Begin PBXBuildFile section */
		CC8E4FC922796079007C068B /* AppDelegate.swift in Sources */ = {isa = PBXBuildFile; fileRef = CC8E4FC822796079007C068B /* AppDelegate.swift */; };
		CC8E4FCE22796079007C068B /* Main.storyboard in Resources */ = {isa = PBXBuildFile; fileRef = CC8E4FCC22796079007C068B /* Main.storyboard */; };
		CC8E4FD02279607A007C068B /* Assets.xcassets in Resources */ = {isa = PBXBuildFile; fileRef = CC8E4FCF2279607A007C068B /* Assets.xcassets */; };
		CC8E4FD32279607A007C068B /* LaunchScreen.storyboard in Resources */ = {isa = PBXBuildFile; fileRef = CC8E4FD12279607A007C068B /* LaunchScreen.storyboard */; };
		CC8E4FDB2279614D007C068B /* TableController.swift in Sources */ = {isa = PBXBuildFile; fileRef = CC8E4FDA2279614D007C068B /* TableController.swift */; };
		CC8E4FDD227970DA007C068B /* Task.swift in Sources */ = {isa = PBXBuildFile; fileRef = CC8E4FDC227970DA007C068B /* Task.swift */; };
		CC8E4FDF227971A4007C068B /* TaskStore.swift in Sources */ = {isa = PBXBuildFile; fileRef = CC8E4FDE227971A4007C068B /* TaskStore.swift */; };
		CC9B8792227F57FA00F68CA5 /* TasksUtility.swift in Sources */ = {isa = PBXBuildFile; fileRef = CC9B8791227F57FA00F68CA5 /* TasksUtility.swift */; };
/* End PBXBuildFile section */

/* Begin PBXFileReference section */
		CC8E4FC522796079007C068B /* Just Do It.app */ = {isa = PBXFileReference; explicitFileType = wrapper.application; includeInIndex = 0; path = "Just Do It.app"; sourceTree = BUILT_PRODUCTS_DIR; };
		CC8E4FC822796079007C068B /* AppDelegate.swift */ = {isa = PBXFileReference; lastKnownFileType = sourcecode.swift; path = AppDelegate.swift; sourceTree = "<group>"; };
		CC8E4FCD22796079007C068B /* Base */ = {isa = PBXFileReference; lastKnownFileType = file.storyboard; name = Base; path = Base.lproj/Main.storyboard; sourceTree = "<group>"; };
		CC8E4FCF2279607A007C068B /* Assets.xcassets */ = {isa = PBXFileReference; lastKnownFileType = folder.assetcatalog; path = Assets.xcassets; sourceTree = "<group>"; };
		CC8E4FD22279607A007C068B /* Base */ = {isa = PBXFileReference; lastKnownFileType = file.storyboard; name = Base; path = Base.lproj/LaunchScreen.storyboard; sourceTree = "<group>"; };
		CC8E4FD42279607A007C068B /* Info.plist */ = {isa = PBXFileReference; lastKnownFileType = text.plist.xml; path = Info.plist; sourceTree = "<group>"; };
		CC8E4FDA2279614D007C068B /* TableController.swift */ = {isa = PBXFileReference; lastKnownFileType = sourcecode.swift; path = TableController.swift; sourceTree = "<group>"; };
		CC8E4FDC227970DA007C068B /* Task.swift */ = {isa = PBXFileReference; lastKnownFileType = sourcecode.swift; path = Task.swift; sourceTree = "<group>"; };
		CC8E4FDE227971A4007C068B /* TaskStore.swift */ = {isa = PBXFileReference; lastKnownFileType = sourcecode.swift; path = TaskStore.swift; sourceTree = "<group>"; };
		CC9B8791227F57FA00F68CA5 /* TasksUtility.swift */ = {isa = PBXFileReference; lastKnownFileType = sourcecode.swift; path = TasksUtility.swift; sourceTree = "<group>"; };
/* End PBXFileReference section */

/* Begin PBXFrameworksBuildPhase section */
		CC8E4FC222796079007C068B /* Frameworks */ = {
			isa = PBXFrameworksBuildPhase;
			buildActionMask = 2147483647;
			files = (
			);
			runOnlyForDeploymentPostprocessing = 0;
		};
/* End PBXFrameworksBuildPhase section */

/* Begin PBXGroup section */
		CC8E4FBC22796079007C068B = {
			isa = PBXGroup;
			children = (
				CC8E4FC722796079007C068B /* Just Do It */,
				CC8E4FC622796079007C068B /* Products */,
			);
			sourceTree = "<group>";
		};
		CC8E4FC622796079007C068B /* Products */ = {
			isa = PBXGroup;
			children = (
				CC8E4FC522796079007C068B /* Just Do It.app */,
			);
			name = Products;
			sourceTree = "<group>";
		};
		CC8E4FC722796079007C068B /* Just Do It */ = {
			isa = PBXGroup;
			children = (
				CC8E4FC822796079007C068B /* AppDelegate.swift */,
				CC8E4FCC22796079007C068B /* Main.storyboard */,
				CC8E4FCF2279607A007C068B /* Assets.xcassets */,
				CC8E4FD12279607A007C068B /* LaunchScreen.storyboard */,
				CC8E4FD42279607A007C068B /* Info.plist */,
				CC8E4FDA2279614D007C068B /* TableController.swift */,
				CC8E4FDC227970DA007C068B /* Task.swift */,
				CC8E4FDE227971A4007C068B /* TaskStore.swift */,
				CC9B8791227F57FA00F68CA5 /* TasksUtility.swift */,
			);
			path = "Just Do It";
			sourceTree = "<group>";
		};
/* End PBXGroup section */

/* Begin PBXNativeTarget section */
		CC8E4FC422796079007C068B /* Just Do It */ = {
			isa = PBXNativeTarget;
			buildConfigurationList = CC8E4FD72279607A007C068B /* Build configuration list for PBXNativeTarget "Just Do It" */;
			buildPhases = (
				CC8E4FC122796079007C068B /* Sources */,
				CC8E4FC222796079007C068B /* Frameworks */,
				CC8E4FC322796079007C068B /* Resources */,
			);
			buildRules = (
			);
			dependencies = (
			);
			name = "Just Do It";
			productName = "Just Do It";
			productReference = CC8E4FC522796079007C068B /* Just Do It.app */;
			productType = "com.apple.product-type.application";
		};
/* End PBXNativeTarget section */

/* Begin PBXProject section */
		CC8E4FBD22796079007C068B /* Project object */ = {
			isa = PBXProject;
			attributes = {
				LastSwiftUpdateCheck = 1020;
				LastUpgradeCheck = 1020;
				ORGANIZATIONNAME = "Jakhongir Khusanov";
				TargetAttributes = {
					CC8E4FC422796079007C068B = {
						CreatedOnToolsVersion = 10.2.1;
					};
				};
			};
			buildConfigurationList = CC8E4FC022796079007C068B /* Build configuration list for PBXProject "Just Do It" */;
			compatibilityVersion = "Xcode 9.3";
			developmentRegion = en;
			hasScannedForEncodings = 0;
			knownRegions = (
				en,
				Base,
			);
			mainGroup = CC8E4FBC22796079007C068B;
			productRefGroup = CC8E4FC622796079007C068B /* Products */;
			projectDirPath = "";
			projectRoot = "";
			targets = (
				CC8E4FC422796079007C068B /* Just Do It */,
			);
		};
/* End PBXProject section */

/* Begin PBXResourcesBuildPhase section */
		CC8E4FC322796079007C068B /* Resources */ = {
			isa = PBXResourcesBuildPhase;
			buildActionMask = 2147483647;
			files = (
				CC8E4FD32279607A007C068B /* LaunchScreen.storyboard in Resources */,
				CC8E4FD02279607A007C068B /* Assets.xcassets in Resources */,
				CC8E4FCE22796079007C068B /* Main.storyboard in Resources */,
			);
			runOnlyForDeploymentPostprocessing = 0;
		};
/* End PBXResourcesBuildPhase section */

/* Begin PBXSourcesBuildPhase section */
		CC8E4FC122796079007C068B /* Sources */ = {
			isa = PBXSourcesBuildPhase;
			buildActionMask = 2147483647;
			files = (
				CC8E4FDB2279614D007C068B /* TableController.swift in Sources */,
				CC8E4FDD227970DA007C068B /* Task.swift in Sources */,
				CC8E4FDF227971A4007C068B /* TaskStore.swift in Sources */,
				CC9B8792227F57FA00F68CA5 /* TasksUtility.swift in Sources */,
				CC8E4FC922796079007C068B /* AppDelegate.swift in Sources */,
			);
			runOnlyForDeploymentPostprocessing = 0;
		};
/* End PBXSourcesBuildPhase section */

/* Begin PBXVariantGroup section */
		CC8E4FCC22796079007C068B /* Main.storyboard */ = {
			isa = PBXVariantGroup;
			children = (
				CC8E4FCD22796079007C068B /* Base */,
			);
			name = Main.storyboard;
			sourceTree = "<group>";
		};
		CC8E4FD12279607A007C068B /* LaunchScreen.storyboard */ = {
			isa = PBXVariantGroup;
			children = (
				CC8E4FD22279607A007C068B /* Base */,
			);
			name = LaunchScreen.storyboard;
			sourceTree = "<group>";
		};
/* End PBXVariantGroup section */

/* Begin XCBuildConfiguration section */
		CC8E4FD52279607A007C068B /* Debug */ = {
			isa = XCBuildConfiguration;
			buildSettings = {
				ALWAYS_SEARCH_USER_PATHS = NO;
				CLANG_ANALYZER_NONNULL = YES;
				CLANG_ANALYZER_NUMBER_OBJECT_CONVERSION = YES_AGGRESSIVE;
				CLANG_CXX_LANGUAGE_STANDARD = "gnu++14";
				CLANG_CXX_LIBRARY = "libc++";
				CLANG_ENABLE_MODULES = YES;
				CLANG_ENABLE_OBJC_ARC = YES;
				CLANG_ENABLE_OBJC_WEAK = YES;
				CLANG_WARN_BLOCK_CAPTURE_AUTORELEASING = YES;
				CLANG_WARN_BOOL_CONVERSION = YES;
				CLANG_WARN_COMMA = YES;
				CLANG_WARN_CONSTANT_CONVERSION = YES;
				CLANG_WARN_DEPRECATED_OBJC_IMPLEMENTATIONS = YES;
				CLANG_WARN_DIRECT_OBJC_ISA_USAGE = YES_ERROR;
				CLANG_WARN_DOCUMENTATION_COMMENTS = YES;
				CLANG_WARN_EMPTY_BODY = YES;
				CLANG_WARN_ENUM_CONVERSION = YES;
				CLANG_WARN_INFINITE_RECURSION = YES;
				CLANG_WARN_INT_CONVERSION = YES;
				CLANG_WARN_NON_LITERAL_NULL_CONVERSION = YES;
				CLANG_WARN_OBJC_IMPLICIT_RETAIN_SELF = YES;
				CLANG_WARN_OBJC_LITERAL_CONVERSION = YES;
				CLANG_WARN_OBJC_ROOT_CLASS = YES_ERROR;
				CLANG_WARN_RANGE_LOOP_ANALYSIS = YES;
				CLANG_WARN_STRICT_PROTOTYPES = YES;
				CLANG_WARN_SUSPICIOUS_MOVE = YES;
				CLANG_WARN_UNGUARDED_AVAILABILITY = YES_AGGRESSIVE;
				CLANG_WARN_UNREACHABLE_CODE = YES;
				CLANG_WARN__DUPLICATE_METHOD_MATCH = YES;
				CODE_SIGN_IDENTITY = "iPhone Developer";
				COPY_PHASE_STRIP = NO;
				DEBUG_INFORMATION_FORMAT = dwarf;
				ENABLE_STRICT_OBJC_MSGSEND = YES;
				ENABLE_TESTABILITY = YES;
				GCC_C_LANGUAGE_STANDARD = gnu11;
				GCC_DYNAMIC_NO_PIC = NO;
				GCC_NO_COMMON_BLOCKS = YES;
				GCC_OPTIMIZATION_LEVEL = 0;
				GCC_PREPROCESSOR_DEFINITIONS = (
					"DEBUG=1",
					"$(inherited)",
				);
				GCC_WARN_64_TO_32_BIT_CONVERSION = YES;
				GCC_WARN_ABOUT_RETURN_TYPE = YES_ERROR;
				GCC_WARN_UNDECLARED_SELECTOR = YES;
				GCC_WARN_UNINITIALIZED_AUTOS = YES_AGGRESSIVE;
				GCC_WARN_UNUSED_FUNCTION = YES;
				GCC_WARN_UNUSED_VARIABLE = YES;
				IPHONEOS_DEPLOYMENT_TARGET = 12.2;
				MTL_ENABLE_DEBUG_INFO = INCLUDE_SOURCE;
				MTL_FAST_MATH = YES;
				ONLY_ACTIVE_ARCH = YES;
				SDKROOT = iphoneos;
				SWIFT_ACTIVE_COMPILATION_CONDITIONS = DEBUG;
				SWIFT_OPTIMIZATION_LEVEL = "-Onone";
			};
			name = Debug;
		};
		CC8E4FD62279607A007C068B /* Release */ = {
			isa = XCBuildConfiguration;
			buildSettings = {
				ALWAYS_SEARCH_USER_PATHS = NO;
				CLANG_ANALYZER_NONNULL = YES;
				CLANG_ANALYZER_NUMBER_OBJECT_CONVERSION = YES_AGGRESSIVE;
				CLANG_CXX_LANGUAGE_STANDARD = "gnu++14";
				CLANG_CXX_LIBRARY = "libc++";
				CLANG_ENABLE_MODULES = YES;
				CLANG_ENABLE_OBJC_ARC = YES;
				CLANG_ENABLE_OBJC_WEAK = YES;
				CLANG_WARN_BLOCK_CAPTURE_AUTORELEASING = YES;
				CLANG_WARN_BOOL_CONVERSION = YES;
				CLANG_WARN_COMMA = YES;
				CLANG_WARN_CONSTANT_CONVERSION = YES;
				CLANG_WARN_DEPRECATED_OBJC_IMPLEMENTATIONS = YES;
				CLANG_WARN_DIRECT_OBJC_ISA_USAGE = YES_ERROR;
				CLANG_WARN_DOCUMENTATION_COMMENTS = YES;
				CLANG_WARN_EMPTY_BODY = YES;
				CLANG_WARN_ENUM_CONVERSION = YES;
				CLANG_WARN_INFINITE_RECURSION = YES;
				CLANG_WARN_INT_CONVERSION = YES;
				CLANG_WARN_NON_LITERAL_NULL_CONVERSION = YES;
				CLANG_WARN_OBJC_IMPLICIT_RETAIN_SELF = YES;
				CLANG_WARN_OBJC_LITERAL_CONVERSION = YES;
				CLANG_WARN_OBJC_ROOT_CLASS = YES_ERROR;
				CLANG_WARN_RANGE_LOOP_ANALYSIS = YES;
				CLANG_WARN_STRICT_PROTOTYPES = YES;
				CLANG_WARN_SUSPICIOUS_MOVE = YES;
				CLANG_WARN_UNGUARDED_AVAILABILITY = YES_AGGRESSIVE;
				CLANG_WARN_UNREACHABLE_CODE = YES;
				CLANG_WARN__DUPLICATE_METHOD_MATCH = YES;
				CODE_SIGN_IDENTITY = "iPhone Developer";
				COPY_PHASE_STRIP = NO;
				DEBUG_INFORMATION_FORMAT = "dwarf-with-dsym";
				ENABLE_NS_ASSERTIONS = NO;
				ENABLE_STRICT_OBJC_MSGSEND = YES;
				GCC_C_LANGUAGE_STANDARD = gnu11;
				GCC_NO_COMMON_BLOCKS = YES;
				GCC_WARN_64_TO_32_BIT_CONVERSION = YES;
				GCC_WARN_ABOUT_RETURN_TYPE = YES_ERROR;
				GCC_WARN_UNDECLARED_SELECTOR = YES;
				GCC_WARN_UNINITIALIZED_AUTOS = YES_AGGRESSIVE;
				GCC_WARN_UNUSED_FUNCTION = YES;
				GCC_WARN_UNUSED_VARIABLE = YES;
				IPHONEOS_DEPLOYMENT_TARGET = 12.2;
				MTL_ENABLE_DEBUG_INFO = NO;
				MTL_FAST_MATH = YES;
				SDKROOT = iphoneos;
				SWIFT_COMPILATION_MODE = wholemodule;
				SWIFT_OPTIMIZATION_LEVEL = "-O";
				VALIDATE_PRODUCT = YES;
			};
			name = Release;
		};
		CC8E4FD82279607A007C068B /* Debug */ = {
			isa = XCBuildConfiguration;
			buildSettings = {
				ASSETCATALOG_COMPILER_APPICON_NAME = AppIcon;
				CODE_SIGN_STYLE = Automatic;
				DEVELOPMENT_TEAM = 8VN4UE7229;
				INFOPLIST_FILE = "Just Do It/Info.plist";
				LD_RUNPATH_SEARCH_PATHS = (
					"$(inherited)",
					"@executable_path/Frameworks",
				);
				PRODUCT_BUNDLE_IDENTIFIER = "com.github.jkhusanov.Just-Do-It";
				PRODUCT_NAME = "$(TARGET_NAME)";
				SWIFT_VERSION = 5.0;
				TARGETED_DEVICE_FAMILY = "1,2";
			};
			name = Debug;
		};
		CC8E4FD92279607A007C068B /* Release */ = {
			isa = XCBuildConfiguration;
			buildSettings = {
				ASSETCATALOG_COMPILER_APPICON_NAME = AppIcon;
				CODE_SIGN_STYLE = Automatic;
				DEVELOPMENT_TEAM = 8VN4UE7229;
				INFOPLIST_FILE = "Just Do It/Info.plist";
				LD_RUNPATH_SEARCH_PATHS = (
					"$(inherited)",
					"@executable_path/Frameworks",
				);
				PRODUCT_BUNDLE_IDENTIFIER = "com.github.jkhusanov.Just-Do-It";
				PRODUCT_NAME = "$(TARGET_NAME)";
				SWIFT_VERSION = 5.0;
				TARGETED_DEVICE_FAMILY = "1,2";
			};
			name = Release;
		};
/* End XCBuildConfiguration section */

/* Begin XCConfigurationList section */
		CC8E4FC022796079007C068B /* Build configuration list for PBXProject "Just Do It" */ = {
			isa = XCConfigurationList;
			buildConfigurations = (
				CC8E4FD52279607A007C068B /* Debug */,
				CC8E4FD62279607A007C068B /* Release */,
			);
			defaultConfigurationIsVisible = 0;
			defaultConfigurationName = Release;
		};
		CC8E4FD72279607A007C068B /* Build configuration list for PBXNativeTarget "Just Do It" */ = {
			isa = XCConfigurationList;
			buildConfigurations = (
				CC8E4FD82279607A007C068B /* Debug */,
				CC8E4FD92279607A007C068B /* Release */,
			);
			defaultConfigurationIsVisible = 0;
			defaultConfigurationName = Release;
		};
/* End XCConfigurationList section */
	};
	rootObject = CC8E4FBD22796079007C068B /* Project object */;
}
